
Microsoft Visual Studio Solution File, Format Version 12.00
# Visual Studio Version 17
VisualStudioVersion = 17.6.33815.320
MinimumVisualStudioVersion = 10.0.40219.1
Project("{FAE04EC0-301F-11D3-BF4B-00C04F79EFBC}") = "WebApiAutores", "WebApiAutores\WebApiAutores.csproj", "{F594230C-0908-40D8-B74B-298CEB34979D}"
EndProject
Global
	GlobalSection(SolutionConfigurationPlatforms) = preSolution
		Debug|Any CPU = Debug|Any CPU
		Release|Any CPU = Release|Any CPU
	EndGlobalSection
	GlobalSection(ProjectConfigurationPlatforms) = postSolution
		{F594230C-0908-40D8-B74B-298CEB34979D}.Debug|Any CPU.ActiveCfg = Debug|Any CPU
		{F594230C-0908-40D8-B74B-298CEB34979D}.Debug|Any CPU.Build.0 = Debug|Any CPU
		{F594230C-0908-40D8-B74B-298CEB34979D}.Release|Any CPU.ActiveCfg = Release|Any CPU
		{F594230C-0908-40D8-B74B-298CEB34979D}.Release|Any CPU.Build.0 = Release|Any CPU
	EndGlobalSection
	GlobalSection(SolutionProperties) = preSolution
		HideSolutionNode = FALSE
	EndGlobalSection
	GlobalSection(ExtensibilityGlobals) = postSolution
		SolutionGuid = {8ECD22FF-1BCF-421D-8A7C-6F98A94755A7}
	EndGlobalSection
EndGlobal
